// !$*UTF8*$!
{
	archiveVersion = 1;
	classes = {
	};
	objectVersion = 46;
	objects = {

/* Begin PBXBuildFile section */
		9570126B1D5E64EA001B1284 /* numbers_blur_bg.png in Resources */ = {isa = PBXBuildFile; fileRef = 9570126A1D5E64EA001B1284 /* numbers_blur_bg.png */; };
		9570126E1D5E81E2001B1284 /* Main_iPad.storyboard in Resources */ = {isa = PBXBuildFile; fileRef = 9570126C1D5E81E2001B1284 /* Main_iPad.storyboard */; };
		959645A21D5D7AED008F1F27 /* QueryViewController.m in Sources */ = {isa = PBXBuildFile; fileRef = 959645A11D5D7AED008F1F27 /* QueryViewController.m */; };
		95BD18581D5CEBD100EAC8D2 /* main.m in Sources */ = {isa = PBXBuildFile; fileRef = 95BD18571D5CEBD100EAC8D2 /* main.m */; };
		95BD18611D5CEBD100EAC8D2 /* Main.storyboard in Resources */ = {isa = PBXBuildFile; fileRef = 95BD185F1D5CEBD100EAC8D2 /* Main.storyboard */; };
		95BD18631D5CEBD100EAC8D2 /* Assets.xcassets in Resources */ = {isa = PBXBuildFile; fileRef = 95BD18621D5CEBD100EAC8D2 /* Assets.xcassets */; };
		95BD18661D5CEBD100EAC8D2 /* LaunchScreen.storyboard in Resources */ = {isa = PBXBuildFile; fileRef = 95BD18641D5CEBD100EAC8D2 /* LaunchScreen.storyboard */; };
		95BD18731D5CF8F900EAC8D2 /* AppDelegate.m in Sources */ = {isa = PBXBuildFile; fileRef = 95BD18721D5CF8F900EAC8D2 /* AppDelegate.m */; };
		95BD18761D5CF93B00EAC8D2 /* ResultListViewController.m in Sources */ = {isa = PBXBuildFile; fileRef = 95BD18751D5CF93B00EAC8D2 /* ResultListViewController.m */; };
		95BD187A1D5D39EF00EAC8D2 /* RootViewController.m in Sources */ = {isa = PBXBuildFile; fileRef = 95BD18791D5D39EF00EAC8D2 /* RootViewController.m */; };
		95FD42491D615DEE009402C7 /* prime_ipad_pro_x120.png in Resources */ = {isa = PBXBuildFile; fileRef = 95FD423D1D615DEE009402C7 /* prime_ipad_pro_x120.png */; };
		95FD424A1D615DEE009402C7 /* prime_ipad_pro_x152.png in Resources */ = {isa = PBXBuildFile; fileRef = 95FD423E1D615DEE009402C7 /* prime_ipad_pro_x152.png */; };
		95FD424B1D615DEE009402C7 /* prime_ipad_pro_x167.png in Resources */ = {isa = PBXBuildFile; fileRef = 95FD423F1D615DEE009402C7 /* prime_ipad_pro_x167.png */; };
		95FD424C1D615DEE009402C7 /* prime_ipad_pro_x84.png in Resources */ = {isa = PBXBuildFile; fileRef = 95FD42401D615DEE009402C7 /* prime_ipad_pro_x84.png */; };
		95FD424D1D615DEE009402C7 /* prime_ipad_x76.png in Resources */ = {isa = PBXBuildFile; fileRef = 95FD42411D615DEE009402C7 /* prime_ipad_x76.png */; };
		95FD424E1D615DEE009402C7 /* prime_ipad_x80.png in Resources */ = {isa = PBXBuildFile; fileRef = 95FD42421D615DEE009402C7 /* prime_ipad_x80.png */; };
		95FD424F1D615DEE009402C7 /* prime_iphone_x180.png in Resources */ = {isa = PBXBuildFile; fileRef = 95FD42431D615DEE009402C7 /* prime_iphone_x180.png */; };
		95FD42501D615DEE009402C7 /* prime_iphone_x29.png in Resources */ = {isa = PBXBuildFile; fileRef = 95FD42441D615DEE009402C7 /* prime_iphone_x29.png */; };
		95FD42511D615DEE009402C7 /* prime_iphone_x40.png in Resources */ = {isa = PBXBuildFile; fileRef = 95FD42451D615DEE009402C7 /* prime_iphone_x40.png */; };
		95FD42521D615DEE009402C7 /* prime_iphone_x58.png in Resources */ = {isa = PBXBuildFile; fileRef = 95FD42461D615DEE009402C7 /* prime_iphone_x58.png */; };
		95FD42531D615DEE009402C7 /* prime_iphone_x60.png in Resources */ = {isa = PBXBuildFile; fileRef = 95FD42471D615DEE009402C7 /* prime_iphone_x60.png */; };
		95FD42541D615DEE009402C7 /* prime_iphone_x87.png in Resources */ = {isa = PBXBuildFile; fileRef = 95FD42481D615DEE009402C7 /* prime_iphone_x87.png */; };
/* End PBXBuildFile section */

/* Begin PBXFileReference section */
		9570126A1D5E64EA001B1284 /* numbers_blur_bg.png */ = {isa = PBXFileReference; lastKnownFileType = image.png; path = numbers_blur_bg.png; sourceTree = "<group>"; };
		9570126D1D5E81E2001B1284 /* Base */ = {isa = PBXFileReference; lastKnownFileType = file.storyboard; name = Base; path = Base.lproj/Main_iPad.storyboard; sourceTree = "<group>"; };
		959645A01D5D7AED008F1F27 /* QueryViewController.h */ = {isa = PBXFileReference; fileEncoding = 4; lastKnownFileType = sourcecode.c.h; path = QueryViewController.h; sourceTree = "<group>"; };
		959645A11D5D7AED008F1F27 /* QueryViewController.m */ = {isa = PBXFileReference; fileEncoding = 4; lastKnownFileType = sourcecode.c.objc; path = QueryViewController.m; sourceTree = "<group>"; };
		95BD18531D5CEBD100EAC8D2 /* PrimeNumberGenerator.app */ = {isa = PBXFileReference; explicitFileType = wrapper.application; includeInIndex = 0; path = PrimeNumberGenerator.app; sourceTree = BUILT_PRODUCTS_DIR; };
		95BD18571D5CEBD100EAC8D2 /* main.m */ = {isa = PBXFileReference; lastKnownFileType = sourcecode.c.objc; path = main.m; sourceTree = "<group>"; };
		95BD18601D5CEBD100EAC8D2 /* Base */ = {isa = PBXFileReference; lastKnownFileType = file.storyboard; name = Base; path = Base.lproj/Main.storyboard; sourceTree = "<group>"; };
		95BD18621D5CEBD100EAC8D2 /* Assets.xcassets */ = {isa = PBXFileReference; lastKnownFileType = folder.assetcatalog; path = Assets.xcassets; sourceTree = "<group>"; };
		95BD18651D5CEBD100EAC8D2 /* Base */ = {isa = PBXFileReference; lastKnownFileType = file.storyboard; name = Base; path = Base.lproj/LaunchScreen.storyboard; sourceTree = "<group>"; };
		95BD18671D5CEBD100EAC8D2 /* Info.plist */ = {isa = PBXFileReference; lastKnownFileType = text.plist.xml; path = Info.plist; sourceTree = "<group>"; };
		95BD18711D5CF8F900EAC8D2 /* AppDelegate.h */ = {isa = PBXFileReference; fileEncoding = 4; lastKnownFileType = sourcecode.c.h; path = AppDelegate.h; sourceTree = "<group>"; };
		95BD18721D5CF8F900EAC8D2 /* AppDelegate.m */ = {isa = PBXFileReference; fileEncoding = 4; lastKnownFileType = sourcecode.c.objc; path = AppDelegate.m; sourceTree = "<group>"; };
		95BD18741D5CF93B00EAC8D2 /* ResultListViewController.h */ = {isa = PBXFileReference; fileEncoding = 4; lastKnownFileType = sourcecode.c.h; path = ResultListViewController.h; sourceTree = "<group>"; };
		95BD18751D5CF93B00EAC8D2 /* ResultListViewController.m */ = {isa = PBXFileReference; fileEncoding = 4; lastKnownFileType = sourcecode.c.objc; path = ResultListViewController.m; sourceTree = "<group>"; };
		95BD18771D5CFEDF00EAC8D2 /* Constants.h */ = {isa = PBXFileReference; lastKnownFileType = sourcecode.c.h; path = Constants.h; sourceTree = "<group>"; };
		95BD18781D5D39EF00EAC8D2 /* RootViewController.h */ = {isa = PBXFileReference; fileEncoding = 4; lastKnownFileType = sourcecode.c.h; path = RootViewController.h; sourceTree = "<group>"; };
		95BD18791D5D39EF00EAC8D2 /* RootViewController.m */ = {isa = PBXFileReference; fileEncoding = 4; lastKnownFileType = sourcecode.c.objc; path = RootViewController.m; sourceTree = "<group>"; };
		95FD423D1D615DEE009402C7 /* prime_ipad_pro_x120.png */ = {isa = PBXFileReference; lastKnownFileType = image.png; path = prime_ipad_pro_x120.png; sourceTree = "<group>"; };
		95FD423E1D615DEE009402C7 /* prime_ipad_pro_x152.png */ = {isa = PBXFileReference; lastKnownFileType = image.png; path = prime_ipad_pro_x152.png; sourceTree = "<group>"; };
		95FD423F1D615DEE009402C7 /* prime_ipad_pro_x167.png */ = {isa = PBXFileReference; lastKnownFileType = image.png; path = prime_ipad_pro_x167.png; sourceTree = "<group>"; };
		95FD42401D615DEE009402C7 /* prime_ipad_pro_x84.png */ = {isa = PBXFileReference; lastKnownFileType = image.png; path = prime_ipad_pro_x84.png; sourceTree = "<group>"; };
		95FD42411D615DEE009402C7 /* prime_ipad_x76.png */ = {isa = PBXFileReference; lastKnownFileType = image.png; path = prime_ipad_x76.png; sourceTree = "<group>"; };
		95FD42421D615DEE009402C7 /* prime_ipad_x80.png */ = {isa = PBXFileReference; lastKnownFileType = image.png; path = prime_ipad_x80.png; sourceTree = "<group>"; };
		95FD42431D615DEE009402C7 /* prime_iphone_x180.png */ = {isa = PBXFileReference; lastKnownFileType = image.png; path = prime_iphone_x180.png; sourceTree = "<group>"; };
		95FD42441D615DEE009402C7 /* prime_iphone_x29.png */ = {isa = PBXFileReference; lastKnownFileType = image.png; path = prime_iphone_x29.png; sourceTree = "<group>"; };
		95FD42451D615DEE009402C7 /* prime_iphone_x40.png */ = {isa = PBXFileReference; lastKnownFileType = image.png; path = prime_iphone_x40.png; sourceTree = "<group>"; };
		95FD42461D615DEE009402C7 /* prime_iphone_x58.png */ = {isa = PBXFileReference; lastKnownFileType = image.png; path = prime_iphone_x58.png; sourceTree = "<group>"; };
		95FD42471D615DEE009402C7 /* prime_iphone_x60.png */ = {isa = PBXFileReference; lastKnownFileType = image.png; path = prime_iphone_x60.png; sourceTree = "<group>"; };
		95FD42481D615DEE009402C7 /* prime_iphone_x87.png */ = {isa = PBXFileReference; lastKnownFileType = image.png; path = prime_iphone_x87.png; sourceTree = "<group>"; };
/* End PBXFileReference section */

/* Begin PBXFrameworksBuildPhase section */
		95BD18501D5CEBD100EAC8D2 /* Frameworks */ = {
			isa = PBXFrameworksBuildPhase;
			buildActionMask = 2147483647;
			files = (
			);
			runOnlyForDeploymentPostprocessing = 0;
		};
/* End PBXFrameworksBuildPhase section */

/* Begin PBXGroup section */
		95BD184A1D5CEBD100EAC8D2 = {
			isa = PBXGroup;
			children = (
				95BD18551D5CEBD100EAC8D2 /* PrimeNumberGenerator */,
				95BD18541D5CEBD100EAC8D2 /* Products */,
			);
			sourceTree = "<group>";
		};
		95BD18541D5CEBD100EAC8D2 /* Products */ = {
			isa = PBXGroup;
			children = (
				95BD18531D5CEBD100EAC8D2 /* PrimeNumberGenerator.app */,
			);
			name = Products;
			sourceTree = "<group>";
		};
		95BD18551D5CEBD100EAC8D2 /* PrimeNumberGenerator */ = {
			isa = PBXGroup;
			children = (
				95BD18701D5CF8D300EAC8D2 /* Assests */,
				95BD186E1D5CF8B400EAC8D2 /* Classes */,
				95BD185F1D5CEBD100EAC8D2 /* Main.storyboard */,
				95BD18621D5CEBD100EAC8D2 /* Assets.xcassets */,
				95BD18641D5CEBD100EAC8D2 /* LaunchScreen.storyboard */,
				95BD18671D5CEBD100EAC8D2 /* Info.plist */,
				95BD18561D5CEBD100EAC8D2 /* Supporting Files */,
				9570126C1D5E81E2001B1284 /* Main_iPad.storyboard */,
			);
			path = PrimeNumberGenerator;
			sourceTree = "<group>";
		};
		95BD18561D5CEBD100EAC8D2 /* Supporting Files */ = {
			isa = PBXGroup;
			children = (
				95BD18571D5CEBD100EAC8D2 /* main.m */,
			);
			name = "Supporting Files";
			sourceTree = "<group>";
		};
		95BD186E1D5CF8B400EAC8D2 /* Classes */ = {
			isa = PBXGroup;
			children = (
				95BD18711D5CF8F900EAC8D2 /* AppDelegate.h */,
				95BD18721D5CF8F900EAC8D2 /* AppDelegate.m */,
				959645A01D5D7AED008F1F27 /* QueryViewController.h */,
				959645A11D5D7AED008F1F27 /* QueryViewController.m */,
				95BD18741D5CF93B00EAC8D2 /* ResultListViewController.h */,
				95BD18751D5CF93B00EAC8D2 /* ResultListViewController.m */,
				95BD18771D5CFEDF00EAC8D2 /* Constants.h */,
				95BD18781D5D39EF00EAC8D2 /* RootViewController.h */,
				95BD18791D5D39EF00EAC8D2 /* RootViewController.m */,
			);
			path = Classes;
			sourceTree = "<group>";
		};
		95BD18701D5CF8D300EAC8D2 /* Assests */ = {
			isa = PBXGroup;
			children = (
				95FD423C1D615DEE009402C7 /* icons */,
				9570126A1D5E64EA001B1284 /* numbers_blur_bg.png */,
			);
			path = Assests;
			sourceTree = "<group>";
		};
		95FD423C1D615DEE009402C7 /* icons */ = {
			isa = PBXGroup;
			children = (
				95FD423D1D615DEE009402C7 /* prime_ipad_pro_x120.png */,
				95FD423E1D615DEE009402C7 /* prime_ipad_pro_x152.png */,
				95FD423F1D615DEE009402C7 /* prime_ipad_pro_x167.png */,
				95FD42401D615DEE009402C7 /* prime_ipad_pro_x84.png */,
				95FD42411D615DEE009402C7 /* prime_ipad_x76.png */,
				95FD42421D615DEE009402C7 /* prime_ipad_x80.png */,
				95FD42431D615DEE009402C7 /* prime_iphone_x180.png */,
				95FD42441D615DEE009402C7 /* prime_iphone_x29.png */,
				95FD42451D615DEE009402C7 /* prime_iphone_x40.png */,
				95FD42461D615DEE009402C7 /* prime_iphone_x58.png */,
				95FD42471D615DEE009402C7 /* prime_iphone_x60.png */,
				95FD42481D615DEE009402C7 /* prime_iphone_x87.png */,
			);
			path = icons;
			sourceTree = "<group>";
		};
/* End PBXGroup section */

/* Begin PBXNativeTarget section */
		95BD18521D5CEBD100EAC8D2 /* PrimeNumberGenerator */ = {
			isa = PBXNativeTarget;
			buildConfigurationList = 95BD186A1D5CEBD100EAC8D2 /* Build configuration list for PBXNativeTarget "PrimeNumberGenerator" */;
			buildPhases = (
				95BD184F1D5CEBD100EAC8D2 /* Sources */,
				95BD18501D5CEBD100EAC8D2 /* Frameworks */,
				95BD18511D5CEBD100EAC8D2 /* Resources */,
			);
			buildRules = (
			);
			dependencies = (
			);
			name = PrimeNumberGenerator;
			productName = PrimeNumberGenerator;
			productReference = 95BD18531D5CEBD100EAC8D2 /* PrimeNumberGenerator.app */;
			productType = "com.apple.product-type.application";
		};
/* End PBXNativeTarget section */

/* Begin PBXProject section */
		95BD184B1D5CEBD100EAC8D2 /* Project object */ = {
			isa = PBXProject;
			attributes = {
				LastUpgradeCheck = 0730;
				ORGANIZATIONNAME = CYT;
				TargetAttributes = {
					95BD18521D5CEBD100EAC8D2 = {
						CreatedOnToolsVersion = 7.3.1;
					};
				};
			};
			buildConfigurationList = 95BD184E1D5CEBD100EAC8D2 /* Build configuration list for PBXProject "PrimeNumberGenerator" */;
			compatibilityVersion = "Xcode 3.2";
			developmentRegion = English;
			hasScannedForEncodings = 0;
			knownRegions = (
				en,
				Base,
			);
			mainGroup = 95BD184A1D5CEBD100EAC8D2;
			productRefGroup = 95BD18541D5CEBD100EAC8D2 /* Products */;
			projectDirPath = "";
			projectRoot = "";
			targets = (
				95BD18521D5CEBD100EAC8D2 /* PrimeNumberGenerator */,
			);
		};
/* End PBXProject section */

/* Begin PBXResourcesBuildPhase section */
		95BD18511D5CEBD100EAC8D2 /* Resources */ = {
			isa = PBXResourcesBuildPhase;
			buildActionMask = 2147483647;
			files = (
				9570126E1D5E81E2001B1284 /* Main_iPad.storyboard in Resources */,
				95FD42501D615DEE009402C7 /* prime_iphone_x29.png in Resources */,
				95FD424B1D615DEE009402C7 /* prime_ipad_pro_x167.png in Resources */,
				95FD42531D615DEE009402C7 /* prime_iphone_x60.png in Resources */,
				95FD42541D615DEE009402C7 /* prime_iphone_x87.png in Resources */,
				95FD424C1D615DEE009402C7 /* prime_ipad_pro_x84.png in Resources */,
				95FD424F1D615DEE009402C7 /* prime_iphone_x180.png in Resources */,
				95FD424D1D615DEE009402C7 /* prime_ipad_x76.png in Resources */,
				95BD18661D5CEBD100EAC8D2 /* LaunchScreen.storyboard in Resources */,
				95FD424E1D615DEE009402C7 /* prime_ipad_x80.png in Resources */,
				95FD42491D615DEE009402C7 /* prime_ipad_pro_x120.png in Resources */,
				95FD424A1D615DEE009402C7 /* prime_ipad_pro_x152.png in Resources */,
				95BD18631D5CEBD100EAC8D2 /* Assets.xcassets in Resources */,
				95FD42511D615DEE009402C7 /* prime_iphone_x40.png in Resources */,
				9570126B1D5E64EA001B1284 /* numbers_blur_bg.png in Resources */,
				95BD18611D5CEBD100EAC8D2 /* Main.storyboard in Resources */,
				95FD42521D615DEE009402C7 /* prime_iphone_x58.png in Resources */,
			);
			runOnlyForDeploymentPostprocessing = 0;
		};
/* End PBXResourcesBuildPhase section */

/* Begin PBXSourcesBuildPhase section */
		95BD184F1D5CEBD100EAC8D2 /* Sources */ = {
			isa = PBXSourcesBuildPhase;
			buildActionMask = 2147483647;
			files = (
				95BD18731D5CF8F900EAC8D2 /* AppDelegate.m in Sources */,
				95BD18581D5CEBD100EAC8D2 /* main.m in Sources */,
				95BD187A1D5D39EF00EAC8D2 /* RootViewController.m in Sources */,
				959645A21D5D7AED008F1F27 /* QueryViewController.m in Sources */,
				95BD18761D5CF93B00EAC8D2 /* ResultListViewController.m in Sources */,
			);
			runOnlyForDeploymentPostprocessing = 0;
		};
/* End PBXSourcesBuildPhase section */

/* Begin PBXVariantGroup section */
		9570126C1D5E81E2001B1284 /* Main_iPad.storyboard */ = {
			isa = PBXVariantGroup;
			children = (
				9570126D1D5E81E2001B1284 /* Base */,
			);
			name = Main_iPad.storyboard;
			sourceTree = "<group>";
		};
		95BD185F1D5CEBD100EAC8D2 /* Main.storyboard */ = {
			isa = PBXVariantGroup;
			children = (
				95BD18601D5CEBD100EAC8D2 /* Base */,
			);
			name = Main.storyboard;
			sourceTree = "<group>";
		};
		95BD18641D5CEBD100EAC8D2 /* LaunchScreen.storyboard */ = {
			isa = PBXVariantGroup;
			children = (
				95BD18651D5CEBD100EAC8D2 /* Base */,
			);
			name = LaunchScreen.storyboard;
			sourceTree = "<group>";
		};
/* End PBXVariantGroup section */

/* Begin XCBuildConfiguration section */
		95BD18681D5CEBD100EAC8D2 /* Debug */ = {
			isa = XCBuildConfiguration;
			buildSettings = {
				ALWAYS_SEARCH_USER_PATHS = NO;
				CLANG_ANALYZER_NONNULL = YES;
				CLANG_CXX_LANGUAGE_STANDARD = "gnu++0x";
				CLANG_CXX_LIBRARY = "libc++";
				CLANG_ENABLE_MODULES = YES;
				CLANG_ENABLE_OBJC_ARC = YES;
				CLANG_WARN_BOOL_CONVERSION = YES;
				CLANG_WARN_CONSTANT_CONVERSION = YES;
				CLANG_WARN_DIRECT_OBJC_ISA_USAGE = YES_ERROR;
				CLANG_WARN_EMPTY_BODY = YES;
				CLANG_WARN_ENUM_CONVERSION = YES;
				CLANG_WARN_INT_CONVERSION = YES;
				CLANG_WARN_OBJC_ROOT_CLASS = YES_ERROR;
				CLANG_WARN_UNREACHABLE_CODE = YES;
				CLANG_WARN__DUPLICATE_METHOD_MATCH = YES;
				"CODE_SIGN_IDENTITY[sdk=iphoneos*]" = "iPhone Developer";
				COPY_PHASE_STRIP = NO;
				DEBUG_INFORMATION_FORMAT = dwarf;
				ENABLE_STRICT_OBJC_MSGSEND = YES;
				ENABLE_TESTABILITY = YES;
				GCC_C_LANGUAGE_STANDARD = gnu99;
				GCC_DYNAMIC_NO_PIC = NO;
				GCC_NO_COMMON_BLOCKS = YES;
				GCC_OPTIMIZATION_LEVEL = 0;
				GCC_PREPROCESSOR_DEFINITIONS = (
					"DEBUG=1",
					"$(inherited)",
				);
				GCC_WARN_64_TO_32_BIT_CONVERSION = YES;
				GCC_WARN_ABOUT_RETURN_TYPE = YES_ERROR;
				GCC_WARN_UNDECLARED_SELECTOR = YES;
				GCC_WARN_UNINITIALIZED_AUTOS = YES_AGGRESSIVE;
				GCC_WARN_UNUSED_FUNCTION = YES;
				GCC_WARN_UNUSED_VARIABLE = YES;
				IPHONEOS_DEPLOYMENT_TARGET = 9.3;
				MTL_ENABLE_DEBUG_INFO = YES;
				ONLY_ACTIVE_ARCH = YES;
				SDKROOT = iphoneos;
				TARGETED_DEVICE_FAMILY = "1,2";
			};
			name = Debug;
		};
		95BD18691D5CEBD100EAC8D2 /* Release */ = {
			isa = XCBuildConfiguration;
			buildSettings = {
				ALWAYS_SEARCH_USER_PATHS = NO;
				CLANG_ANALYZER_NONNULL = YES;
				CLANG_CXX_LANGUAGE_STANDARD = "gnu++0x";
				CLANG_CXX_LIBRARY = "libc++";
				CLANG_ENABLE_MODULES = YES;
				CLANG_ENABLE_OBJC_ARC = YES;
				CLANG_WARN_BOOL_CONVERSION = YES;
				CLANG_WARN_CONSTANT_CONVERSION = YES;
				CLANG_WARN_DIRECT_OBJC_ISA_USAGE = YES_ERROR;
				CLANG_WARN_EMPTY_BODY = YES;
				CLANG_WARN_ENUM_CONVERSION = YES;
				CLANG_WARN_INT_CONVERSION = YES;
				CLANG_WARN_OBJC_ROOT_CLASS = YES_ERROR;
				CLANG_WARN_UNREACHABLE_CODE = YES;
				CLANG_WARN__DUPLICATE_METHOD_MATCH = YES;
				"CODE_SIGN_IDENTITY[sdk=iphoneos*]" = "iPhone Developer";
				COPY_PHASE_STRIP = NO;
				DEBUG_INFORMATION_FORMAT = "dwarf-with-dsym";
				ENABLE_NS_ASSERTIONS = NO;
				ENABLE_STRICT_OBJC_MSGSEND = YES;
				GCC_C_LANGUAGE_STANDARD = gnu99;
				GCC_NO_COMMON_BLOCKS = YES;
				GCC_WARN_64_TO_32_BIT_CONVERSION = YES;
				GCC_WARN_ABOUT_RETURN_TYPE = YES_ERROR;
				GCC_WARN_UNDECLARED_SELECTOR = YES;
				GCC_WARN_UNINITIALIZED_AUTOS = YES_AGGRESSIVE;
				GCC_WARN_UNUSED_FUNCTION = YES;
				GCC_WARN_UNUSED_VARIABLE = YES;
				IPHONEOS_DEPLOYMENT_TARGET = 9.3;
				MTL_ENABLE_DEBUG_INFO = NO;
				SDKROOT = iphoneos;
				TARGETED_DEVICE_FAMILY = "1,2";
				VALIDATE_PRODUCT = YES;
			};
			name = Release;
		};
		95BD186B1D5CEBD100EAC8D2 /* Debug */ = {
			isa = XCBuildConfiguration;
			buildSettings = {
				ASSETCATALOG_COMPILER_APPICON_NAME = AppIcon;
				INFOPLIST_FILE = PrimeNumberGenerator/Info.plist;
				LD_RUNPATH_SEARCH_PATHS = "$(inherited) @executable_path/Frameworks";
				PRODUCT_BUNDLE_IDENTIFIER = com.scs.PrimeNumberGenerator;
				PRODUCT_NAME = "$(TARGET_NAME)";
			};
			name = Debug;
		};
		95BD186C1D5CEBD100EAC8D2 /* Release */ = {
			isa = XCBuildConfiguration;
			buildSettings = {
				ASSETCATALOG_COMPILER_APPICON_NAME = AppIcon;
				INFOPLIST_FILE = PrimeNumberGenerator/Info.plist;
				LD_RUNPATH_SEARCH_PATHS = "$(inherited) @executable_path/Frameworks";
				PRODUCT_BUNDLE_IDENTIFIER = com.scs.PrimeNumberGenerator;
				PRODUCT_NAME = "$(TARGET_NAME)";
			};
			name = Release;
		};
/* End XCBuildConfiguration section */

/* Begin XCConfigurationList section */
		95BD184E1D5CEBD100EAC8D2 /* Build configuration list for PBXProject "PrimeNumberGenerator" */ = {
			isa = XCConfigurationList;
			buildConfigurations = (
				95BD18681D5CEBD100EAC8D2 /* Debug */,
				95BD18691D5CEBD100EAC8D2 /* Release */,
			);
			defaultConfigurationIsVisible = 0;
			defaultConfigurationName = Release;
		};
		95BD186A1D5CEBD100EAC8D2 /* Build configuration list for PBXNativeTarget "PrimeNumberGenerator" */ = {
			isa = XCConfigurationList;
			buildConfigurations = (
				95BD186B1D5CEBD100EAC8D2 /* Debug */,
				95BD186C1D5CEBD100EAC8D2 /* Release */,
			);
			defaultConfigurationIsVisible = 0;
			defaultConfigurationName = Release;
		};
/* End XCConfigurationList section */
	};
	rootObject = 95BD184B1D5CEBD100EAC8D2 /* Project object */;
}
